// !$*UTF8*$!
{
	archiveVersion = 1;
	classes = {
	};
	objectVersion = 51;
	objects = {

/* Begin PBXBuildFile section */
		3A140AE524C7906A00F2CB74 /* HeatMapInterpolationPoints.swift in Sources */ = {isa = PBXBuildFile; fileRef = 3A140AE424C7906A00F2CB74 /* HeatMapInterpolationPoints.swift */; };
		3A140AE724C7922300F2CB74 /* dataset.json in Resources */ = {isa = PBXBuildFile; fileRef = 3A140AE624C7922300F2CB74 /* dataset.json */; };
		3A34A0A224C78D6B001DA955 /* AppDelegate.swift in Sources */ = {isa = PBXBuildFile; fileRef = 3A34A0A124C78D6B001DA955 /* AppDelegate.swift */; };
		3A34A0A424C78D6B001DA955 /* SceneDelegate.swift in Sources */ = {isa = PBXBuildFile; fileRef = 3A34A0A324C78D6B001DA955 /* SceneDelegate.swift */; };
		3A34A0A624C78D6B001DA955 /* ViewController.swift in Sources */ = {isa = PBXBuildFile; fileRef = 3A34A0A524C78D6B001DA955 /* ViewController.swift */; };
		3A34A0A924C78D6B001DA955 /* Main.storyboard in Resources */ = {isa = PBXBuildFile; fileRef = 3A34A0A724C78D6B001DA955 /* Main.storyboard */; };
		3A34A0AB24C78D6C001DA955 /* Assets.xcassets in Resources */ = {isa = PBXBuildFile; fileRef = 3A34A0AA24C78D6C001DA955 /* Assets.xcassets */; };
		3A34A0AE24C78D6C001DA955 /* LaunchScreen.storyboard in Resources */ = {isa = PBXBuildFile; fileRef = 3A34A0AC24C78D6C001DA955 /* LaunchScreen.storyboard */; };
		3A34A0B924C78D6C001DA955 /* HeatMapInterpolationTests.swift in Sources */ = {isa = PBXBuildFile; fileRef = 3A34A0B824C78D6C001DA955 /* HeatMapInterpolationTests.swift */; };
		3A34A0C424C78D6C001DA955 /* HeatMapInterpolationUITests.swift in Sources */ = {isa = PBXBuildFile; fileRef = 3A34A0C324C78D6C001DA955 /* HeatMapInterpolationUITests.swift */; };
		D9F112DD8794B96E9EA03DC4 /* Pods_HeatMapInterpolation.framework in Frameworks */ = {isa = PBXBuildFile; fileRef = 96284F627DA892A6FCA92E48 /* Pods_HeatMapInterpolation.framework */; };
/* End PBXBuildFile section */

/* Begin PBXContainerItemProxy section */
		3A34A0B524C78D6C001DA955 /* PBXContainerItemProxy */ = {
			isa = PBXContainerItemProxy;
			containerPortal = 3A34A09624C78D6B001DA955 /* Project object */;
			proxyType = 1;
			remoteGlobalIDString = 3A34A09D24C78D6B001DA955;
			remoteInfo = HeatMapInterpolation;
		};
		3A34A0C024C78D6C001DA955 /* PBXContainerItemProxy */ = {
			isa = PBXContainerItemProxy;
			containerPortal = 3A34A09624C78D6B001DA955 /* Project object */;
			proxyType = 1;
			remoteGlobalIDString = 3A34A09D24C78D6B001DA955;
			remoteInfo = HeatMapInterpolation;
		};
/* End PBXContainerItemProxy section */

/* Begin PBXFileReference section */
		06F98C651BD9F2719A4C12F4 /* Pods-HeatMapInterpolation.debug.xcconfig */ = {isa = PBXFileReference; includeInIndex = 1; lastKnownFileType = text.xcconfig; name = "Pods-HeatMapInterpolation.debug.xcconfig"; path = "Target Support Files/Pods-HeatMapInterpolation/Pods-HeatMapInterpolation.debug.xcconfig"; sourceTree = "<group>"; };
		3A140AE424C7906A00F2CB74 /* HeatMapInterpolationPoints.swift */ = {isa = PBXFileReference; lastKnownFileType = sourcecode.swift; path = HeatMapInterpolationPoints.swift; sourceTree = "<group>"; };
		3A140AE624C7922300F2CB74 /* dataset.json */ = {isa = PBXFileReference; fileEncoding = 4; lastKnownFileType = text.json; path = dataset.json; sourceTree = SOURCE_ROOT; };
		3A34A09E24C78D6B001DA955 /* HeatMapInterpolation.app */ = {isa = PBXFileReference; explicitFileType = wrapper.application; includeInIndex = 0; path = HeatMapInterpolation.app; sourceTree = BUILT_PRODUCTS_DIR; };
		3A34A0A124C78D6B001DA955 /* AppDelegate.swift */ = {isa = PBXFileReference; lastKnownFileType = sourcecode.swift; path = AppDelegate.swift; sourceTree = "<group>"; };
		3A34A0A324C78D6B001DA955 /* SceneDelegate.swift */ = {isa = PBXFileReference; lastKnownFileType = sourcecode.swift; path = SceneDelegate.swift; sourceTree = "<group>"; };
		3A34A0A524C78D6B001DA955 /* ViewController.swift */ = {isa = PBXFileReference; lastKnownFileType = sourcecode.swift; path = ViewController.swift; sourceTree = "<group>"; };
		3A34A0A824C78D6B001DA955 /* Base */ = {isa = PBXFileReference; lastKnownFileType = file.storyboard; name = Base; path = Base.lproj/Main.storyboard; sourceTree = "<group>"; };
		3A34A0AA24C78D6C001DA955 /* Assets.xcassets */ = {isa = PBXFileReference; lastKnownFileType = folder.assetcatalog; path = Assets.xcassets; sourceTree = "<group>"; };
		3A34A0AD24C78D6C001DA955 /* Base */ = {isa = PBXFileReference; lastKnownFileType = file.storyboard; name = Base; path = Base.lproj/LaunchScreen.storyboard; sourceTree = "<group>"; };
		3A34A0AF24C78D6C001DA955 /* Info.plist */ = {isa = PBXFileReference; lastKnownFileType = text.plist.xml; path = Info.plist; sourceTree = "<group>"; };
		3A34A0B424C78D6C001DA955 /* HeatMapInterpolationTests.xctest */ = {isa = PBXFileReference; explicitFileType = wrapper.cfbundle; includeInIndex = 0; path = HeatMapInterpolationTests.xctest; sourceTree = BUILT_PRODUCTS_DIR; };
		3A34A0B824C78D6C001DA955 /* HeatMapInterpolationTests.swift */ = {isa = PBXFileReference; lastKnownFileType = sourcecode.swift; path = HeatMapInterpolationTests.swift; sourceTree = "<group>"; };
		3A34A0BA24C78D6C001DA955 /* Info.plist */ = {isa = PBXFileReference; lastKnownFileType = text.plist.xml; path = Info.plist; sourceTree = "<group>"; };
		3A34A0BF24C78D6C001DA955 /* HeatMapInterpolationUITests.xctest */ = {isa = PBXFileReference; explicitFileType = wrapper.cfbundle; includeInIndex = 0; path = HeatMapInterpolationUITests.xctest; sourceTree = BUILT_PRODUCTS_DIR; };
		3A34A0C324C78D6C001DA955 /* HeatMapInterpolationUITests.swift */ = {isa = PBXFileReference; lastKnownFileType = sourcecode.swift; path = HeatMapInterpolationUITests.swift; sourceTree = "<group>"; };
		3A34A0C524C78D6C001DA955 /* Info.plist */ = {isa = PBXFileReference; lastKnownFileType = text.plist.xml; path = Info.plist; sourceTree = "<group>"; };
		4216D335374816BC6D904FEB /* Pods-HeatMapInterpolation.release.xcconfig */ = {isa = PBXFileReference; includeInIndex = 1; lastKnownFileType = text.xcconfig; name = "Pods-HeatMapInterpolation.release.xcconfig"; path = "Target Support Files/Pods-HeatMapInterpolation/Pods-HeatMapInterpolation.release.xcconfig"; sourceTree = "<group>"; };
		96284F627DA892A6FCA92E48 /* Pods_HeatMapInterpolation.framework */ = {isa = PBXFileReference; explicitFileType = wrapper.framework; includeInIndex = 0; path = Pods_HeatMapInterpolation.framework; sourceTree = BUILT_PRODUCTS_DIR; };
/* End PBXFileReference section */

/* Begin PBXFrameworksBuildPhase section */
		3A34A09B24C78D6B001DA955 /* Frameworks */ = {
			isa = PBXFrameworksBuildPhase;
			buildActionMask = 2147483647;
			files = (
				D9F112DD8794B96E9EA03DC4 /* Pods_HeatMapInterpolation.framework in Frameworks */,
			);
			runOnlyForDeploymentPostprocessing = 0;
		};
		3A34A0B124C78D6C001DA955 /* Frameworks */ = {
			isa = PBXFrameworksBuildPhase;
			buildActionMask = 2147483647;
			files = (
			);
			runOnlyForDeploymentPostprocessing = 0;
		};
		3A34A0BC24C78D6C001DA955 /* Frameworks */ = {
			isa = PBXFrameworksBuildPhase;
			buildActionMask = 2147483647;
			files = (
			);
			runOnlyForDeploymentPostprocessing = 0;
		};
/* End PBXFrameworksBuildPhase section */

/* Begin PBXGroup section */
		3772C6A0E5492ACCE069F919 /* Frameworks */ = {
			isa = PBXGroup;
			children = (
				96284F627DA892A6FCA92E48 /* Pods_HeatMapInterpolation.framework */,
			);
			name = Frameworks;
			sourceTree = "<group>";
		};
		3A34A09524C78D6B001DA955 = {
			isa = PBXGroup;
			children = (
				3A34A0A024C78D6B001DA955 /* HeatMapInterpolation */,
				3A34A0B724C78D6C001DA955 /* HeatMapInterpolationTests */,
				3A34A0C224C78D6C001DA955 /* HeatMapInterpolationUITests */,
				3A34A09F24C78D6B001DA955 /* Products */,
				E327C22492D42B89F3E173A5 /* Pods */,
				3772C6A0E5492ACCE069F919 /* Frameworks */,
			);
			sourceTree = "<group>";
		};
		3A34A09F24C78D6B001DA955 /* Products */ = {
			isa = PBXGroup;
			children = (
				3A34A09E24C78D6B001DA955 /* HeatMapInterpolation.app */,
				3A34A0B424C78D6C001DA955 /* HeatMapInterpolationTests.xctest */,
				3A34A0BF24C78D6C001DA955 /* HeatMapInterpolationUITests.xctest */,
			);
			name = Products;
			sourceTree = "<group>";
		};
		3A34A0A024C78D6B001DA955 /* HeatMapInterpolation */ = {
			isa = PBXGroup;
			children = (
				3A34A0A124C78D6B001DA955 /* AppDelegate.swift */,
				3A34A0A324C78D6B001DA955 /* SceneDelegate.swift */,
				3A34A0A524C78D6B001DA955 /* ViewController.swift */,
				3A140AE424C7906A00F2CB74 /* HeatMapInterpolationPoints.swift */,
				3A140AE624C7922300F2CB74 /* dataset.json */,
				3A34A0A724C78D6B001DA955 /* Main.storyboard */,
				3A34A0AA24C78D6C001DA955 /* Assets.xcassets */,
				3A34A0AC24C78D6C001DA955 /* LaunchScreen.storyboard */,
				3A34A0AF24C78D6C001DA955 /* Info.plist */,
			);
			path = HeatMapInterpolation;
			sourceTree = "<group>";
		};
		3A34A0B724C78D6C001DA955 /* HeatMapInterpolationTests */ = {
			isa = PBXGroup;
			children = (
				3A34A0B824C78D6C001DA955 /* HeatMapInterpolationTests.swift */,
				3A34A0BA24C78D6C001DA955 /* Info.plist */,
			);
			path = HeatMapInterpolationTests;
			sourceTree = "<group>";
		};
		3A34A0C224C78D6C001DA955 /* HeatMapInterpolationUITests */ = {
			isa = PBXGroup;
			children = (
				3A34A0C324C78D6C001DA955 /* HeatMapInterpolationUITests.swift */,
				3A34A0C524C78D6C001DA955 /* Info.plist */,
			);
			path = HeatMapInterpolationUITests;
			sourceTree = "<group>";
		};
		E327C22492D42B89F3E173A5 /* Pods */ = {
			isa = PBXGroup;
			children = (
				06F98C651BD9F2719A4C12F4 /* Pods-HeatMapInterpolation.debug.xcconfig */,
				4216D335374816BC6D904FEB /* Pods-HeatMapInterpolation.release.xcconfig */,
			);
			path = Pods;
			sourceTree = "<group>";
		};
/* End PBXGroup section */

/* Begin PBXNativeTarget section */
		3A34A09D24C78D6B001DA955 /* HeatMapInterpolation */ = {
			isa = PBXNativeTarget;
			buildConfigurationList = 3A34A0C824C78D6C001DA955 /* Build configuration list for PBXNativeTarget "HeatMapInterpolation" */;
			buildPhases = (
				3C0ACCFFAD07DE68DD82E3DE /* [CP] Check Pods Manifest.lock */,
				3A34A09A24C78D6B001DA955 /* Sources */,
				3A34A09B24C78D6B001DA955 /* Frameworks */,
				3A34A09C24C78D6B001DA955 /* Resources */,
				CC89930805F4DB89919A7BFB /* [CP] Copy Pods Resources */,
			);
			buildRules = (
			);
			dependencies = (
			);
			name = HeatMapInterpolation;
			productName = HeatMapInterpolation;
			productReference = 3A34A09E24C78D6B001DA955 /* HeatMapInterpolation.app */;
			productType = "com.apple.product-type.application";
		};
		3A34A0B324C78D6C001DA955 /* HeatMapInterpolationTests */ = {
			isa = PBXNativeTarget;
			buildConfigurationList = 3A34A0CB24C78D6C001DA955 /* Build configuration list for PBXNativeTarget "HeatMapInterpolationTests" */;
			buildPhases = (
				3A34A0B024C78D6C001DA955 /* Sources */,
				3A34A0B124C78D6C001DA955 /* Frameworks */,
				3A34A0B224C78D6C001DA955 /* Resources */,
			);
			buildRules = (
			);
			dependencies = (
				3A34A0B624C78D6C001DA955 /* PBXTargetDependency */,
			);
			name = HeatMapInterpolationTests;
			productName = HeatMapInterpolationTests;
			productReference = 3A34A0B424C78D6C001DA955 /* HeatMapInterpolationTests.xctest */;
			productType = "com.apple.product-type.bundle.unit-test";
		};
		3A34A0BE24C78D6C001DA955 /* HeatMapInterpolationUITests */ = {
			isa = PBXNativeTarget;
			buildConfigurationList = 3A34A0CE24C78D6C001DA955 /* Build configuration list for PBXNativeTarget "HeatMapInterpolationUITests" */;
			buildPhases = (
				3A34A0BB24C78D6C001DA955 /* Sources */,
				3A34A0BC24C78D6C001DA955 /* Frameworks */,
				3A34A0BD24C78D6C001DA955 /* Resources */,
			);
			buildRules = (
			);
			dependencies = (
				3A34A0C124C78D6C001DA955 /* PBXTargetDependency */,
			);
			name = HeatMapInterpolationUITests;
			productName = HeatMapInterpolationUITests;
			productReference = 3A34A0BF24C78D6C001DA955 /* HeatMapInterpolationUITests.xctest */;
			productType = "com.apple.product-type.bundle.ui-testing";
		};
/* End PBXNativeTarget section */

/* Begin PBXProject section */
		3A34A09624C78D6B001DA955 /* Project object */ = {
			isa = PBXProject;
			attributes = {
				LastSwiftUpdateCheck = 1160;
				LastUpgradeCheck = 1160;
				ORGANIZATIONNAME = "Haiming Xu";
				TargetAttributes = {
					3A34A09D24C78D6B001DA955 = {
						CreatedOnToolsVersion = 11.6;
					};
					3A34A0B324C78D6C001DA955 = {
						CreatedOnToolsVersion = 11.6;
						TestTargetID = 3A34A09D24C78D6B001DA955;
					};
					3A34A0BE24C78D6C001DA955 = {
						CreatedOnToolsVersion = 11.6;
						TestTargetID = 3A34A09D24C78D6B001DA955;
					};
				};
			};
			buildConfigurationList = 3A34A09924C78D6B001DA955 /* Build configuration list for PBXProject "HeatMapInterpolation" */;
			compatibilityVersion = "Xcode 9.3";
			developmentRegion = en;
			hasScannedForEncodings = 0;
			knownRegions = (
				en,
				Base,
			);
			mainGroup = 3A34A09524C78D6B001DA955;
			productRefGroup = 3A34A09F24C78D6B001DA955 /* Products */;
			projectDirPath = "";
			projectRoot = "";
			targets = (
				3A34A09D24C78D6B001DA955 /* HeatMapInterpolation */,
				3A34A0B324C78D6C001DA955 /* HeatMapInterpolationTests */,
				3A34A0BE24C78D6C001DA955 /* HeatMapInterpolationUITests */,
			);
		};
/* End PBXProject section */

/* Begin PBXResourcesBuildPhase section */
		3A34A09C24C78D6B001DA955 /* Resources */ = {
			isa = PBXResourcesBuildPhase;
			buildActionMask = 2147483647;
			files = (
				3A34A0AE24C78D6C001DA955 /* LaunchScreen.storyboard in Resources */,
				3A34A0AB24C78D6C001DA955 /* Assets.xcassets in Resources */,
				3A140AE724C7922300F2CB74 /* dataset.json in Resources */,
				3A34A0A924C78D6B001DA955 /* Main.storyboard in Resources */,
			);
			runOnlyForDeploymentPostprocessing = 0;
		};
		3A34A0B224C78D6C001DA955 /* Resources */ = {
			isa = PBXResourcesBuildPhase;
			buildActionMask = 2147483647;
			files = (
			);
			runOnlyForDeploymentPostprocessing = 0;
		};
		3A34A0BD24C78D6C001DA955 /* Resources */ = {
			isa = PBXResourcesBuildPhase;
			buildActionMask = 2147483647;
			files = (
			);
			runOnlyForDeploymentPostprocessing = 0;
		};
/* End PBXResourcesBuildPhase section */

/* Begin PBXShellScriptBuildPhase section */
		3C0ACCFFAD07DE68DD82E3DE /* [CP] Check Pods Manifest.lock */ = {
			isa = PBXShellScriptBuildPhase;
			buildActionMask = 2147483647;
			files = (
			);
			inputFileListPaths = (
			);
			inputPaths = (
				"${PODS_PODFILE_DIR_PATH}/Podfile.lock",
				"${PODS_ROOT}/Manifest.lock",
			);
			name = "[CP] Check Pods Manifest.lock";
			outputFileListPaths = (
			);
			outputPaths = (
				"$(DERIVED_FILE_DIR)/Pods-HeatMapInterpolation-checkManifestLockResult.txt",
			);
			runOnlyForDeploymentPostprocessing = 0;
			shellPath = /bin/sh;
			shellScript = "diff \"${PODS_PODFILE_DIR_PATH}/Podfile.lock\" \"${PODS_ROOT}/Manifest.lock\" > /dev/null\nif [ $? != 0 ] ; then\n    # print error to STDERR\n    echo \"error: The sandbox is not in sync with the Podfile.lock. Run 'pod install' or update your CocoaPods installation.\" >&2\n    exit 1\nfi\n# This output is used by Xcode 'outputs' to avoid re-running this script phase.\necho \"SUCCESS\" > \"${SCRIPT_OUTPUT_FILE_0}\"\n";
			showEnvVarsInLog = 0;
		};
		CC89930805F4DB89919A7BFB /* [CP] Copy Pods Resources */ = {
			isa = PBXShellScriptBuildPhase;
			buildActionMask = 2147483647;
			files = (
			);
			inputFileListPaths = (
				"${PODS_ROOT}/Target Support Files/Pods-HeatMapInterpolation/Pods-HeatMapInterpolation-resources-${CONFIGURATION}-input-files.xcfilelist",
			);
			name = "[CP] Copy Pods Resources";
			outputFileListPaths = (
				"${PODS_ROOT}/Target Support Files/Pods-HeatMapInterpolation/Pods-HeatMapInterpolation-resources-${CONFIGURATION}-output-files.xcfilelist",
			);
			runOnlyForDeploymentPostprocessing = 0;
			shellPath = /bin/sh;
			shellScript = "\"${PODS_ROOT}/Target Support Files/Pods-HeatMapInterpolation/Pods-HeatMapInterpolation-resources.sh\"\n";
			showEnvVarsInLog = 0;
		};
/* End PBXShellScriptBuildPhase section */

/* Begin PBXSourcesBuildPhase section */
		3A34A09A24C78D6B001DA955 /* Sources */ = {
			isa = PBXSourcesBuildPhase;
			buildActionMask = 2147483647;
			files = (
				3A34A0A624C78D6B001DA955 /* ViewController.swift in Sources */,
				3A140AE524C7906A00F2CB74 /* HeatMapInterpolationPoints.swift in Sources */,
				3A34A0A224C78D6B001DA955 /* AppDelegate.swift in Sources */,
				3A34A0A424C78D6B001DA955 /* SceneDelegate.swift in Sources */,
			);
			runOnlyForDeploymentPostprocessing = 0;
		};
		3A34A0B024C78D6C001DA955 /* Sources */ = {
			isa = PBXSourcesBuildPhase;
			buildActionMask = 2147483647;
			files = (
				3A34A0B924C78D6C001DA955 /* HeatMapInterpolationTests.swift in Sources */,
			);
			runOnlyForDeploymentPostprocessing = 0;
		};
		3A34A0BB24C78D6C001DA955 /* Sources */ = {
			isa = PBXSourcesBuildPhase;
			buildActionMask = 2147483647;
			files = (
				3A34A0C424C78D6C001DA955 /* HeatMapInterpolationUITests.swift in Sources */,
			);
			runOnlyForDeploymentPostprocessing = 0;
		};
/* End PBXSourcesBuildPhase section */

/* Begin PBXTargetDependency section */
		3A34A0B624C78D6C001DA955 /* PBXTargetDependency */ = {
			isa = PBXTargetDependency;
			target = 3A34A09D24C78D6B001DA955 /* HeatMapInterpolation */;
			targetProxy = 3A34A0B524C78D6C001DA955 /* PBXContainerItemProxy */;
		};
		3A34A0C124C78D6C001DA955 /* PBXTargetDependency */ = {
			isa = PBXTargetDependency;
			target = 3A34A09D24C78D6B001DA955 /* HeatMapInterpolation */;
			targetProxy = 3A34A0C024C78D6C001DA955 /* PBXContainerItemProxy */;
		};
/* End PBXTargetDependency section */

/* Begin PBXVariantGroup section */
		3A34A0A724C78D6B001DA955 /* Main.storyboard */ = {
			isa = PBXVariantGroup;
			children = (
				3A34A0A824C78D6B001DA955 /* Base */,
			);
			name = Main.storyboard;
			sourceTree = "<group>";
		};
		3A34A0AC24C78D6C001DA955 /* LaunchScreen.storyboard */ = {
			isa = PBXVariantGroup;
			children = (
				3A34A0AD24C78D6C001DA955 /* Base */,
			);
			name = LaunchScreen.storyboard;
			sourceTree = "<group>";
		};
/* End PBXVariantGroup section */

/* Begin XCBuildConfiguration section */
		3A34A0C624C78D6C001DA955 /* Debug */ = {
			isa = XCBuildConfiguration;
			buildSettings = {
				ALWAYS_SEARCH_USER_PATHS = NO;
				CLANG_ANALYZER_NONNULL = YES;
				CLANG_ANALYZER_NUMBER_OBJECT_CONVERSION = YES_AGGRESSIVE;
				CLANG_CXX_LANGUAGE_STANDARD = "gnu++14";
				CLANG_CXX_LIBRARY = "libc++";
				CLANG_ENABLE_MODULES = YES;
				CLANG_ENABLE_OBJC_ARC = YES;
				CLANG_ENABLE_OBJC_WEAK = YES;
				CLANG_WARN_BLOCK_CAPTURE_AUTORELEASING = YES;
				CLANG_WARN_BOOL_CONVERSION = YES;
				CLANG_WARN_COMMA = YES;
				CLANG_WARN_CONSTANT_CONVERSION = YES;
				CLANG_WARN_DEPRECATED_OBJC_IMPLEMENTATIONS = YES;
				CLANG_WARN_DIRECT_OBJC_ISA_USAGE = YES_ERROR;
				CLANG_WARN_DOCUMENTATION_COMMENTS = YES;
				CLANG_WARN_EMPTY_BODY = YES;
				CLANG_WARN_ENUM_CONVERSION = YES;
				CLANG_WARN_INFINITE_RECURSION = YES;
				CLANG_WARN_INT_CONVERSION = YES;
				CLANG_WARN_NON_LITERAL_NULL_CONVERSION = YES;
				CLANG_WARN_OBJC_IMPLICIT_RETAIN_SELF = YES;
				CLANG_WARN_OBJC_LITERAL_CONVERSION = YES;
				CLANG_WARN_OBJC_ROOT_CLASS = YES_ERROR;
				CLANG_WARN_RANGE_LOOP_ANALYSIS = YES;
				CLANG_WARN_STRICT_PROTOTYPES = YES;
				CLANG_WARN_SUSPICIOUS_MOVE = YES;
				CLANG_WARN_UNGUARDED_AVAILABILITY = YES_AGGRESSIVE;
				CLANG_WARN_UNREACHABLE_CODE = YES;
				CLANG_WARN__DUPLICATE_METHOD_MATCH = YES;
				COPY_PHASE_STRIP = NO;
				DEBUG_INFORMATION_FORMAT = dwarf;
				ENABLE_STRICT_OBJC_MSGSEND = YES;
				ENABLE_TESTABILITY = YES;
				GCC_C_LANGUAGE_STANDARD = gnu11;
				GCC_DYNAMIC_NO_PIC = NO;
				GCC_NO_COMMON_BLOCKS = YES;
				GCC_OPTIMIZATION_LEVEL = 0;
				GCC_PREPROCESSOR_DEFINITIONS = (
					"DEBUG=1",
					"$(inherited)",
				);
				GCC_WARN_64_TO_32_BIT_CONVERSION = YES;
				GCC_WARN_ABOUT_RETURN_TYPE = YES_ERROR;
				GCC_WARN_UNDECLARED_SELECTOR = YES;
				GCC_WARN_UNINITIALIZED_AUTOS = YES_AGGRESSIVE;
				GCC_WARN_UNUSED_FUNCTION = YES;
				GCC_WARN_UNUSED_VARIABLE = YES;
				IPHONEOS_DEPLOYMENT_TARGET = 13.6;
				MTL_ENABLE_DEBUG_INFO = INCLUDE_SOURCE;
				MTL_FAST_MATH = YES;
				ONLY_ACTIVE_ARCH = YES;
				SDKROOT = iphoneos;
				SWIFT_ACTIVE_COMPILATION_CONDITIONS = DEBUG;
				SWIFT_OPTIMIZATION_LEVEL = "-Onone";
			};
			name = Debug;
		};
		3A34A0C724C78D6C001DA955 /* Release */ = {
			isa = XCBuildConfiguration;
			buildSettings = {
				ALWAYS_SEARCH_USER_PATHS = NO;
				CLANG_ANALYZER_NONNULL = YES;
				CLANG_ANALYZER_NUMBER_OBJECT_CONVERSION = YES_AGGRESSIVE;
				CLANG_CXX_LANGUAGE_STANDARD = "gnu++14";
				CLANG_CXX_LIBRARY = "libc++";
				CLANG_ENABLE_MODULES = YES;
				CLANG_ENABLE_OBJC_ARC = YES;
				CLANG_ENABLE_OBJC_WEAK = YES;
				CLANG_WARN_BLOCK_CAPTURE_AUTORELEASING = YES;
				CLANG_WARN_BOOL_CONVERSION = YES;
				CLANG_WARN_COMMA = YES;
				CLANG_WARN_CONSTANT_CONVERSION = YES;
				CLANG_WARN_DEPRECATED_OBJC_IMPLEMENTATIONS = YES;
				CLANG_WARN_DIRECT_OBJC_ISA_USAGE = YES_ERROR;
				CLANG_WARN_DOCUMENTATION_COMMENTS = YES;
				CLANG_WARN_EMPTY_BODY = YES;
				CLANG_WARN_ENUM_CONVERSION = YES;
				CLANG_WARN_INFINITE_RECURSION = YES;
				CLANG_WARN_INT_CONVERSION = YES;
				CLANG_WARN_NON_LITERAL_NULL_CONVERSION = YES;
				CLANG_WARN_OBJC_IMPLICIT_RETAIN_SELF = YES;
				CLANG_WARN_OBJC_LITERAL_CONVERSION = YES;
				CLANG_WARN_OBJC_ROOT_CLASS = YES_ERROR;
				CLANG_WARN_RANGE_LOOP_ANALYSIS = YES;
				CLANG_WARN_STRICT_PROTOTYPES = YES;
				CLANG_WARN_SUSPICIOUS_MOVE = YES;
				CLANG_WARN_UNGUARDED_AVAILABILITY = YES_AGGRESSIVE;
				CLANG_WARN_UNREACHABLE_CODE = YES;
				CLANG_WARN__DUPLICATE_METHOD_MATCH = YES;
				COPY_PHASE_STRIP = NO;
				DEBUG_INFORMATION_FORMAT = "dwarf-with-dsym";
				ENABLE_NS_ASSERTIONS = NO;
				ENABLE_STRICT_OBJC_MSGSEND = YES;
				GCC_C_LANGUAGE_STANDARD = gnu11;
				GCC_NO_COMMON_BLOCKS = YES;
				GCC_WARN_64_TO_32_BIT_CONVERSION = YES;
				GCC_WARN_ABOUT_RETURN_TYPE = YES_ERROR;
				GCC_WARN_UNDECLARED_SELECTOR = YES;
				GCC_WARN_UNINITIALIZED_AUTOS = YES_AGGRESSIVE;
				GCC_WARN_UNUSED_FUNCTION = YES;
				GCC_WARN_UNUSED_VARIABLE = YES;
				IPHONEOS_DEPLOYMENT_TARGET = 13.6;
				MTL_ENABLE_DEBUG_INFO = NO;
				MTL_FAST_MATH = YES;
				SDKROOT = iphoneos;
				SWIFT_COMPILATION_MODE = wholemodule;
				SWIFT_OPTIMIZATION_LEVEL = "-O";
				VALIDATE_PRODUCT = YES;
			};
			name = Release;
		};
		3A34A0C924C78D6C001DA955 /* Debug */ = {
			isa = XCBuildConfiguration;
			baseConfigurationReference = 06F98C651BD9F2719A4C12F4 /* Pods-HeatMapInterpolation.debug.xcconfig */;
			buildSettings = {
				ASSETCATALOG_COMPILER_APPICON_NAME = AppIcon;
				CODE_SIGN_STYLE = Automatic;
				INFOPLIST_FILE = HeatMapInterpolation/Info.plist;
				LD_RUNPATH_SEARCH_PATHS = (
					"$(inherited)",
					"@executable_path/Frameworks",
				);
				PRODUCT_BUNDLE_IDENTIFIER = haimingxu.HeatMapInterpolation;
				PRODUCT_NAME = "$(TARGET_NAME)";
				SWIFT_VERSION = 5.0;
				TARGETED_DEVICE_FAMILY = "1,2";
			};
			name = Debug;
		};
		3A34A0CA24C78D6C001DA955 /* Release */ = {
			isa = XCBuildConfiguration;
			baseConfigurationReference = 4216D335374816BC6D904FEB /* Pods-HeatMapInterpolation.release.xcconfig */;
			buildSettings = {
				ASSETCATALOG_COMPILER_APPICON_NAME = AppIcon;
				CODE_SIGN_STYLE = Automatic;
				INFOPLIST_FILE = HeatMapInterpolation/Info.plist;
				LD_RUNPATH_SEARCH_PATHS = (
					"$(inherited)",
					"@executable_path/Frameworks",
				);
				PRODUCT_BUNDLE_IDENTIFIER = haimingxu.HeatMapInterpolation;
				PRODUCT_NAME = "$(TARGET_NAME)";
				SWIFT_VERSION = 5.0;
				TARGETED_DEVICE_FAMILY = "1,2";
			};
			name = Release;
		};
		3A34A0CC24C78D6C001DA955 /* Debug */ = {
			isa = XCBuildConfiguration;
			buildSettings = {
				ALWAYS_EMBED_SWIFT_STANDARD_LIBRARIES = YES;
				BUNDLE_LOADER = "$(TEST_HOST)";
				CODE_SIGN_STYLE = Automatic;
				INFOPLIST_FILE = HeatMapInterpolationTests/Info.plist;
				IPHONEOS_DEPLOYMENT_TARGET = 13.6;
				LD_RUNPATH_SEARCH_PATHS = (
					"$(inherited)",
					"@executable_path/Frameworks",
					"@loader_path/Frameworks",
				);
				PRODUCT_BUNDLE_IDENTIFIER = haimingxu.HeatMapInterpolationTests;
				PRODUCT_NAME = "$(TARGET_NAME)";
				SWIFT_VERSION = 5.0;
				TARGETED_DEVICE_FAMILY = "1,2";
				TEST_HOST = "$(BUILT_PRODUCTS_DIR)/HeatMapInterpolation.app/HeatMapInterpolation";
			};
			name = Debug;
		};
		3A34A0CD24C78D6C001DA955 /* Release */ = {
			isa = XCBuildConfiguration;
			buildSettings = {
				ALWAYS_EMBED_SWIFT_STANDARD_LIBRARIES = YES;
				BUNDLE_LOADER = "$(TEST_HOST)";
				CODE_SIGN_STYLE = Automatic;
				INFOPLIST_FILE = HeatMapInterpolationTests/Info.plist;
				IPHONEOS_DEPLOYMENT_TARGET = 13.6;
				LD_RUNPATH_SEARCH_PATHS = (
					"$(inherited)",
					"@executable_path/Frameworks",
					"@loader_path/Frameworks",
				);
				PRODUCT_BUNDLE_IDENTIFIER = haimingxu.HeatMapInterpolationTests;
				PRODUCT_NAME = "$(TARGET_NAME)";
				SWIFT_VERSION = 5.0;
				TARGETED_DEVICE_FAMILY = "1,2";
				TEST_HOST = "$(BUILT_PRODUCTS_DIR)/HeatMapInterpolation.app/HeatMapInterpolation";
			};
			name = Release;
		};
		3A34A0CF24C78D6C001DA955 /* Debug */ = {
			isa = XCBuildConfiguration;
			buildSettings = {
				ALWAYS_EMBED_SWIFT_STANDARD_LIBRARIES = YES;
				CODE_SIGN_STYLE = Automatic;
				INFOPLIST_FILE = HeatMapInterpolationUITests/Info.plist;
				LD_RUNPATH_SEARCH_PATHS = (
					"$(inherited)",
					"@executable_path/Frameworks",
					"@loader_path/Frameworks",
				);
				PRODUCT_BUNDLE_IDENTIFIER = haimingxu.HeatMapInterpolationUITests;
				PRODUCT_NAME = "$(TARGET_NAME)";
				SWIFT_VERSION = 5.0;
				TARGETED_DEVICE_FAMILY = "1,2";
				TEST_TARGET_NAME = HeatMapInterpolation;
			};
			name = Debug;
		};
		3A34A0D024C78D6C001DA955 /* Release */ = {
			isa = XCBuildConfiguration;
			buildSettings = {
				ALWAYS_EMBED_SWIFT_STANDARD_LIBRARIES = YES;
				CODE_SIGN_STYLE = Automatic;
				INFOPLIST_FILE = HeatMapInterpolationUITests/Info.plist;
				LD_RUNPATH_SEARCH_PATHS = (
					"$(inherited)",
					"@executable_path/Frameworks",
					"@loader_path/Frameworks",
				);
				PRODUCT_BUNDLE_IDENTIFIER = haimingxu.HeatMapInterpolationUITests;
				PRODUCT_NAME = "$(TARGET_NAME)";
				SWIFT_VERSION = 5.0;
				TARGETED_DEVICE_FAMILY = "1,2";
				TEST_TARGET_NAME = HeatMapInterpolation;
			};
			name = Release;
		};
/* End XCBuildConfiguration section */

/* Begin XCConfigurationList section */
		3A34A09924C78D6B001DA955 /* Build configuration list for PBXProject "HeatMapInterpolation" */ = {
			isa = XCConfigurationList;
			buildConfigurations = (
				3A34A0C624C78D6C001DA955 /* Debug */,
				3A34A0C724C78D6C001DA955 /* Release */,
			);
			defaultConfigurationIsVisible = 0;
			defaultConfigurationName = Release;
		};
		3A34A0C824C78D6C001DA955 /* Build configuration list for PBXNativeTarget "HeatMapInterpolation" */ = {
			isa = XCConfigurationList;
			buildConfigurations = (
				3A34A0C924C78D6C001DA955 /* Debug */,
				3A34A0CA24C78D6C001DA955 /* Release */,
			);
			defaultConfigurationIsVisible = 0;
			defaultConfigurationName = Release;
		};
		3A34A0CB24C78D6C001DA955 /* Build configuration list for PBXNativeTarget "HeatMapInterpolationTests" */ = {
			isa = XCConfigurationList;
			buildConfigurations = (
				3A34A0CC24C78D6C001DA955 /* Debug */,
				3A34A0CD24C78D6C001DA955 /* Release */,
			);
			defaultConfigurationIsVisible = 0;
			defaultConfigurationName = Release;
		};
		3A34A0CE24C78D6C001DA955 /* Build configuration list for PBXNativeTarget "HeatMapInterpolationUITests" */ = {
			isa = XCConfigurationList;
			buildConfigurations = (
				3A34A0CF24C78D6C001DA955 /* Debug */,
				3A34A0D024C78D6C001DA955 /* Release */,
			);
			defaultConfigurationIsVisible = 0;
			defaultConfigurationName = Release;
		};
/* End XCConfigurationList section */
	};
	rootObject = 3A34A09624C78D6B001DA955 /* Project object */;
}
